
Microsoft Visual Studio Solution File, Format Version 12.00
# Visual Studio 2013
VisualStudioVersion = 12.0.21005.1
MinimumVisualStudioVersion = 10.0.40219.1
Project("{8BC9CEB8-8B4A-11D0-8D11-00A0C91BC942}") = "sim_sender_test", "sim_sender.vcxproj", "{678C7B94-E43A-4798-A215-3C173CDF79B2}"
	ProjectSection(ProjectDependencies) = postProject
		{08200605-BF0E-4C36-AEF2-C06D7254E533} = {08200605-BF0E-4C36-AEF2-C06D7254E533}
		{3FA0EFD2-F0D4-429A-BAF8-AB73EE59E40A} = {3FA0EFD2-F0D4-429A-BAF8-AB73EE59E40A}
	EndProjectSection
EndProject
Project("{8BC9CEB8-8B4A-11D0-8D11-00A0C91BC942}") = "razor", "..\..\project\razor.vcxproj", "{08200605-BF0E-4C36-AEF2-C06D7254E533}"
EndProject
Project("{8BC9CEB8-8B4A-11D0-8D11-00A0C91BC942}") = "sim_transport", "..\..\sim_transport\sim_transport.vcxproj", "{3FA0EFD2-F0D4-429A-BAF8-AB73EE59E40A}"
EndProject
Project("{2150E333-8FDC-42A3-9474-1A3956D46DE8}") = "Solution Items", "Solution Items", "{7E353917-EA8A-451A-A70F-5B375C98DF7F}"
EndProject
Global
	GlobalSection(SolutionConfigurationPlatforms) = preSolution
		Debug|Win32 = Debug|Win32
		Release|Win32 = Release|Win32
	EndGlobalSection
	GlobalSection(ProjectConfigurationPlatforms) = postSolution
		{678C7B94-E43A-4798-A215-3C173CDF79B2}.Debug|Win32.ActiveCfg = Debug|Win32
		{678C7B94-E43A-4798-A215-3C173CDF79B2}.Debug|Win32.Build.0 = Debug|Win32
		{678C7B94-E43A-4798-A215-3C173CDF79B2}.Release|Win32.ActiveCfg = Release|Win32
		{678C7B94-E43A-4798-A215-3C173CDF79B2}.Release|Win32.Build.0 = Release|Win32
		{08200605-BF0E-4C36-AEF2-C06D7254E533}.Debug|Win32.ActiveCfg = Debug|Win32
		{08200605-BF0E-4C36-AEF2-C06D7254E533}.Debug|Win32.Build.0 = Debug|Win32
		{08200605-BF0E-4C36-AEF2-C06D7254E533}.Release|Win32.ActiveCfg = Release|Win32
		{08200605-BF0E-4C36-AEF2-C06D7254E533}.Release|Win32.Build.0 = Release|Win32
		{3FA0EFD2-F0D4-429A-BAF8-AB73EE59E40A}.Debug|Win32.ActiveCfg = Debug|Win32
		{3FA0EFD2-F0D4-429A-BAF8-AB73EE59E40A}.Debug|Win32.Build.0 = Debug|Win32
		{3FA0EFD2-F0D4-429A-BAF8-AB73EE59E40A}.Release|Win32.ActiveCfg = Release|Win32
		{3FA0EFD2-F0D4-429A-BAF8-AB73EE59E40A}.Release|Win32.Build.0 = Release|Win32
	EndGlobalSection
	GlobalSection(SolutionProperties) = preSolution
		HideSolutionNode = FALSE
	EndGlobalSection
EndGlobal
